{
  "name": "mini-program",
  "version": "1.0.0",
  "lockfileVersion": 3,
  "requires": true,
  "packages": {
    "": {
      "name": "mini-program",
      "version": "1.0.0",
      "dependencies": {
        "@dcloudio/uni-app": "3.0.0-alpha-5000820260420001",
        "@dcloudio/uni-app-plus": "3.0.0-alpha-5000820260420001",
        "@dcloudio/uni-components": "3.0.0-alpha-5000820260420001",
        "@dcloudio/uni-h5": "3.0.0-alpha-5000820260420001",
        "@dcloudio/uni-mp-alipay": "3.0.0-alpha-5000820260420001",
        "@dcloudio/uni-mp-baidu": "3.0.0-alpha-5000820260420001",
        "@dcloudio/uni-mp-jd": "3.0.0-alpha-5000820260420001",
        "@dcloudio/uni-mp-kuaishou": "3.0.0-alpha-5000820260420001",
        "@dcloudio/uni-mp-lark": "3.0.0-alpha-5000820260420001",
        "@dcloudio/uni-mp-qq": "3.0.0-alpha-5000820260420001",
        "@dcloudio/uni-mp-toutiao": "3.0.0-alpha-5000820260420001",
        "@dcloudio/uni-mp-weixin": "3.0.0-alpha-5000820260420001",
        "@dcloudio/uni-quickapp-webview": "3.0.0-alpha-5000820260420001",
        "vue": "^3.4.21"
      },
      "devDependencies": {
        "@dcloudio/types": "^3.4.8",
        "@dcloudio/uni-automator": "3.0.0-alpha-5000820260420001",
        "@dcloudio/uni-cli-shared": "3.0.0-alpha-5000820260420001",
        "@dcloudio/uni-stacktracey": "3.0.0-alpha-5000820260420001",
        "@dcloudio/vite-plugin-uni": "3.0.0-alpha-5000820260420001",
        "@vue/runtime-core": "^3.4.21",
        "esbuild": "^0.25.0",
        "sass": "1.77.0",
        "vite": "5.1.4"
      }
    },
    "../node_modules/.pnpm/@dcloudio+types@3.4.31/node_modules/@dcloudio/types": {
      "version": "3.4.31",
      "dev": true,
      "license": "Apache-2.0",
      "devDependencies": {
        "@definitelytyped/dtslint": "^0.0.115",
        "miniprogram-api-typings": "4.1.2",
        "ts-morph": "^17.0.1",
        "tslint": "^5.14.0",
        "typescript": "5.0.4",
        "vue": "2.6"
      }
    },
    "../node_modules/.pnpm/@dcloudio+uni-app-plus@3.0.0-alpha-5000820260420001_postcss@8.5.10_rollup@4.60.2_ts-nod_bd57d90e14956726c2ea90493816c8da/node_modules/@dcloudio/uni-app-plus": {
      "version": "3.0.0-alpha-5000820260420001",
      "license": "Apache-2.0",
      "dependencies": {
        "@dcloudio/uni-app-uts": "3.0.0-alpha-5000820260420001",
        "@dcloudio/uni-app-vite": "3.0.0-alpha-5000820260420001",
        "@dcloudio/uni-app-vue": "3.0.0-alpha-5000820260420001",
        "debug": "4.3.7",
        "fs-extra": "10.1.0",
        "licia": "1.41.1",
        "postcss-selector-parser": "6.1.2"
      },
      "devDependencies": {
        "@amap/amap-jsapi-types": "0.0.8",
        "@dcloudio/uni-cli-shared": "3.0.0-alpha-5000820260420001",
        "@dcloudio/uni-components": "3.0.0-alpha-5000820260420001",
        "@dcloudio/uni-h5": "3.0.0-alpha-5000820260420001",
        "@dcloudio/uni-i18n": "3.0.0-alpha-5000820260420001",
        "@dcloudio/uni-shared": "3.0.0-alpha-5000820260420001",
        "@types/google.maps": "3.58.0",
        "@types/pako": "1.0.2",
        "@vue/compiler-sfc": "3.4.21",
        "autoprefixer": "10.4.20",
        "pako": "1.0.11",
        "postcss": "8.4.45",
        "vue": "3.4.21"
      }
    },
    "../node_modules/.pnpm/@dcloudio+uni-app@3.0.0-alpha-5000820260420001_@dcloudio+types@3.4.31_postcss@8.5.10_ro_d70a46dd14d369630bc81baa05a47087/node_modules/@dcloudio/uni-app": {
      "version": "3.0.0-alpha-5000820260420001",
      "license": "Apache-2.0",
      "dependencies": {
        "@dcloudio/uni-cloud": "3.0.0-alpha-5000820260420001",
        "@dcloudio/uni-components": "3.0.0-alpha-5000820260420001",
        "@dcloudio/uni-console": "3.0.0-alpha-5000820260420001",
        "@dcloudio/uni-i18n": "3.0.0-alpha-5000820260420001",
        "@dcloudio/uni-push": "3.0.0-alpha-5000820260420001",
        "@dcloudio/uni-shared": "3.0.0-alpha-5000820260420001",
        "@dcloudio/uni-stat": "3.0.0-alpha-5000820260420001",
        "@vue/shared": "3.4.21"
      },
      "devDependencies": {
        "@dcloudio/uni-uts-v1": "3.0.0-alpha-5000820260420001"
      },
      "peerDependencies": {
        "@dcloudio/types": "3.4.30"
      }
    },
    "../node_modules/.pnpm/@dcloudio+uni-automator@3.0.0-alpha-5000820260420001_jest-environment-node@27.5.1_jest@_a462d9ef7a8cec42231bc79750d87ed5/node_modules/@dcloudio/uni-automator": {
      "version": "3.0.0-alpha-5000820260420001",
      "dev": true,
      "license": "Apache-2.0",
      "dependencies": {
        "@dcloudio/uni-cli-shared": "3.0.0-alpha-5000820260420001",
        "address": "^1.1.2",
        "cross-env": "^7.0.3",
        "debug": "4.3.7",
        "default-gateway": "^6.0.3",
        "fs-extra": "10.1.0",
        "jsonc-parser": "3.3.1",
        "licia": "1.41.1",
        "merge": "2.1.1",
        "qrcode-reader": "1.0.4",
        "qrcode-terminal": "0.12.0",
        "ws": "8.18.0"
      },
      "devDependencies": {
        "@types/debug": "4.1.12",
        "@types/fs-extra": "9.0.13"
      },
      "peerDependencies": {
        "jest": "27.0.4",
        "jest-environment-node": "27.5.1"
      }
    },
    "../node_modules/.pnpm/@dcloudio+uni-cli-shared@3.0.0-alpha-5000820260420001_postcss@8.5.10_rollup@4.60.2_ts-n_2f2e17065cdb3212e8f7f629f080e9bc/node_modules/@dcloudio/uni-cli-shared": {
      "version": "3.0.0-alpha-5000820260420001",
      "dev": true,
      "license": "Apache-2.0",
      "dependencies": {
        "@ampproject/remapping": "^2.1.2",
        "@babel/code-frame": "7.24.7",
        "@babel/core": "7.25.2",
        "@babel/parser": "7.25.6",
        "@babel/types": "7.25.6",
        "@dcloudio/uni-i18n": "3.0.0-alpha-5000820260420001",
        "@dcloudio/uni-nvue-styler": "3.0.0-alpha-5000820260420001",
        "@dcloudio/uni-shared": "3.0.0-alpha-5000820260420001",
        "@intlify/core-base": "9.1.9",
        "@intlify/shared": "9.1.9",
        "@intlify/vue-devtools": "9.1.9",
        "@rollup/pluginutils": "5.1.0",
        "@vue/compiler-core": "3.4.21",
        "@vue/compiler-dom": "3.4.21",
        "@vue/compiler-sfc": "3.4.21",
        "@vue/compiler-ssr": "3.4.21",
        "@vue/server-renderer": "3.4.21",
        "@vue/shared": "3.4.21",
        "adm-zip": "0.5.16",
        "autoprefixer": "10.4.20",
        "base64url": "^3.0.1",
        "chokidar": "3.6.0",
        "compare-versions": "^3.6.0",
        "debug": "4.3.7",
        "entities": "^7.0.0",
        "es-module-lexer": "1.5.4",
        "esbuild": "0.20.2",
        "estree-walker": "2.0.2",
        "fast-glob": "3.3.3",
        "fs-extra": "10.1.0",
        "hash-sum": "2.0.0",
        "isbinaryfile": "5.0.2",
        "jsonc-parser": "3.3.1",
        "lines-and-columns": "^2.0.4",
        "magic-string": "0.30.11",
        "merge": "2.1.1",
        "mime": "3.0.0",
        "module-alias": "2.2.3",
        "os-locale-s-fix": "^1.0.8-fix-1",
        "picocolors": "1.1.0",
        "postcss-import": "^14.0.2",
        "postcss-load-config": "^3.1.1",
        "postcss-modules": "^4.3.0",
        "postcss-selector-parser": "6.1.2",
        "resolve": "1.22.8",
        "source-map-js": "1.2.1",
        "tapable": "^2.2.0",
        "tinycolor2": "1.6.0",
        "unimport": "4.1.1",
        "unplugin-auto-import": "19.1.0",
        "xregexp": "5.1.2"
      },
      "devDependencies": {
        "@dcloudio/uni-uts-v1": "3.0.0-alpha-5000820260420001",
        "@types/adm-zip": "0.5.5",
        "@types/babel__code-frame": "^7.0.6",
        "@types/babel__core": "^7.1.19",
        "@types/debug": "4.1.12",
        "@types/estree": "1.0.5",
        "@types/fs-extra": "9.0.13",
        "@types/hash-sum": "^1.0.0",
        "@types/less": "^3.0.3",
        "@types/mime": "2.0.3",
        "@types/module-alias": "2.0.4",
        "@types/resolve": "1.20.6",
        "@types/sass": "1.43.1",
        "@types/stylus": "^0.48.36",
        "code-frame": "link:@types/@babel/code-frame",
        "postcss": "8.4.45",
        "vue": "3.4.21"
      },
      "engines": {
        "node": "^14.18.0 || >=16.0.0"
      }
    },
    "../node_modules/.pnpm/@dcloudio+uni-components@3.0.0-alpha-5000820260420001_postcss@8.5.10_rollup@4.60.2_ts-n_5f749e09407bdebddf4a66e81ece7f1b/node_modules/@dcloudio/uni-components": {
      "version": "3.0.0-alpha-5000820260420001",
      "license": "Apache-2.0",
      "dependencies": {
        "@dcloudio/uni-cloud": "3.0.0-alpha-5000820260420001",
        "@dcloudio/uni-h5": "3.0.0-alpha-5000820260420001",
        "@dcloudio/uni-i18n": "3.0.0-alpha-5000820260420001"
      },
      "devDependencies": {
        "@dcloudio/uni-shared": "3.0.0-alpha-5000820260420001",
        "@types/quill": "1.3.10"
      }
    },
    "../node_modules/.pnpm/@dcloudio+uni-h5@3.0.0-alpha-5000820260420001_postcss@8.5.10_rollup@4.60.2_ts-node@10.9_c52d8ec14bd8b9ed317aec1b4b8dd00b/node_modules/@dcloudio/uni-h5": {
      "version": "3.0.0-alpha-5000820260420001",
      "license": "Apache-2.0",
      "dependencies": {
        "@dcloudio/uni-h5-vite": "3.0.0-alpha-5000820260420001",
        "@dcloudio/uni-h5-vue": "3.0.0-alpha-5000820260420001",
        "@dcloudio/uni-i18n": "3.0.0-alpha-5000820260420001",
        "@dcloudio/uni-shared": "3.0.0-alpha-5000820260420001",
        "@vue/server-renderer": "3.4.21",
        "@vue/shared": "3.4.21",
        "debug": "4.3.7",
        "localstorage-polyfill": "^1.0.1",
        "postcss-selector-parser": "6.1.2",
        "safe-area-insets": "1.4.1",
        "vue-router": "4.4.4",
        "xmlhttprequest": "^1.8.0"
      },
      "devDependencies": {
        "@amap/amap-jsapi-types": "0.0.8",
        "@dcloudio/uni-cli-shared": "3.0.0-alpha-5000820260420001",
        "@types/estree": "1.0.5",
        "@types/google.maps": "3.58.0",
        "acorn-loose": "^8.2.1",
        "acorn-walk": "^8.2.0",
        "estree-walker": "2.0.2",
        "fast-glob": "3.3.3",
        "fs-extra": "10.1.0",
        "unplugin-auto-import": "19.1.0",
        "vue": "3.4.21"
      }
    },
    "../node_modules/.pnpm/@dcloudio+uni-mp-alipay@3.0.0-alpha-5000820260420001_postcss@8.5.10_rollup@4.60.2_ts-no_f1204a83349d3cdbb70050232f843caa/node_modules/@dcloudio/uni-mp-alipay": {
      "version": "3.0.0-alpha-5000820260420001",
      "license": "Apache-2.0",
      "dependencies": {
        "@dcloudio/uni-cli-shared": "3.0.0-alpha-5000820260420001",
        "@dcloudio/uni-mp-compiler": "3.0.0-alpha-5000820260420001",
        "@dcloudio/uni-mp-vite": "3.0.0-alpha-5000820260420001",
        "@dcloudio/uni-mp-vue": "3.0.0-alpha-5000820260420001",
        "@dcloudio/uni-shared": "3.0.0-alpha-5000820260420001",
        "@vue/compiler-core": "3.4.21",
        "@vue/shared": "3.4.21"
      },
      "devDependencies": {
        "mini-types": "^0.1.7"
      }
    },
    "../node_modules/.pnpm/@dcloudio+uni-mp-baidu@3.0.0-alpha-5000820260420001_@dcloudio+types@3.4.31_postcss@8.5._86bd1f34714da7f45c3f5f049706cac1/node_modules/@dcloudio/uni-mp-baidu": {
      "version": "3.0.0-alpha-5000820260420001",
      "license": "Apache-2.0",
      "dependencies": {
        "@dcloudio/uni-app": "3.0.0-alpha-5000820260420001",
        "@dcloudio/uni-cli-shared": "3.0.0-alpha-5000820260420001",
        "@dcloudio/uni-mp-compiler": "3.0.0-alpha-5000820260420001",
        "@dcloudio/uni-mp-vite": "3.0.0-alpha-5000820260420001",
        "@dcloudio/uni-mp-vue": "3.0.0-alpha-5000820260420001",
        "@dcloudio/uni-mp-weixin": "3.0.0-alpha-5000820260420001",
        "@dcloudio/uni-shared": "3.0.0-alpha-5000820260420001",
        "@vue/compiler-core": "3.4.21",
        "@vue/shared": "3.4.21",
        "jimp": "0.10.3",
        "licia": "1.41.1",
        "qrcode-reader": "1.0.4",
        "qrcode-terminal": "0.12.0",
        "ws": "8.18.0"
      }
    },
    "../node_modules/.pnpm/@dcloudio+uni-mp-jd@3.0.0-alpha-5000820260420001_postcss@8.5.10_rollup@4.60.2_ts-node@1_a3220602f1254fa01d5b793f9e35ad9c/node_modules/@dcloudio/uni-mp-jd": {
      "version": "3.0.0-alpha-5000820260420001",
      "license": "Apache-2.0",
      "dependencies": {
        "@dcloudio/uni-cli-shared": "3.0.0-alpha-5000820260420001",
        "@dcloudio/uni-mp-compiler": "3.0.0-alpha-5000820260420001",
        "@dcloudio/uni-mp-vite": "3.0.0-alpha-5000820260420001",
        "@dcloudio/uni-mp-vue": "3.0.0-alpha-5000820260420001",
        "@dcloudio/uni-shared": "3.0.0-alpha-5000820260420001",
        "@vue/shared": "3.4.21"
      },
      "devDependencies": {
        "@dcloudio/uni-mp-weixin": "3.0.0-alpha-5000820260420001",
        "@vue/compiler-core": "3.4.21"
      }
    },
    "../node_modules/.pnpm/@dcloudio+uni-mp-kuaishou@3.0.0-alpha-5000820260420001_postcss@8.5.10_rollup@4.60.2_ts-_796b2a5d6455f7856047150037d2ca57/node_modules/@dcloudio/uni-mp-kuaishou": {
      "version": "3.0.0-alpha-5000820260420001",
      "license": "Apache-2.0",
      "dependencies": {
        "@dcloudio/uni-cli-shared": "3.0.0-alpha-5000820260420001",
        "@dcloudio/uni-mp-compiler": "3.0.0-alpha-5000820260420001",
        "@dcloudio/uni-mp-vite": "3.0.0-alpha-5000820260420001",
        "@dcloudio/uni-mp-vue": "3.0.0-alpha-5000820260420001",
        "@dcloudio/uni-mp-weixin": "3.0.0-alpha-5000820260420001",
        "@dcloudio/uni-shared": "3.0.0-alpha-5000820260420001",
        "@vue/compiler-core": "3.4.21",
        "@vue/shared": "3.4.21"
      }
    },
    "../node_modules/.pnpm/@dcloudio+uni-mp-lark@3.0.0-alpha-5000820260420001_postcss@8.5.10_rollup@4.60.2_ts-node_e26ea537c29c98df2f1e54beb4edc7a6/node_modules/@dcloudio/uni-mp-lark": {
      "version": "3.0.0-alpha-5000820260420001",
      "license": "Apache-2.0",
      "dependencies": {
        "@dcloudio/uni-cli-shared": "3.0.0-alpha-5000820260420001",
        "@dcloudio/uni-mp-compiler": "3.0.0-alpha-5000820260420001",
        "@dcloudio/uni-mp-toutiao": "3.0.0-alpha-5000820260420001",
        "@dcloudio/uni-mp-vite": "3.0.0-alpha-5000820260420001",
        "@dcloudio/uni-mp-vue": "3.0.0-alpha-5000820260420001",
        "@dcloudio/uni-shared": "3.0.0-alpha-5000820260420001",
        "@vue/compiler-core": "3.4.21",
        "@vue/shared": "3.4.21"
      }
    },
    "../node_modules/.pnpm/@dcloudio+uni-mp-qq@3.0.0-alpha-5000820260420001_postcss@8.5.10_rollup@4.60.2_ts-node@1_324c5a46534d2979d4d5e293f0f0ddee/node_modules/@dcloudio/uni-mp-qq": {
      "version": "3.0.0-alpha-5000820260420001",
      "license": "Apache-2.0",
      "dependencies": {
        "@dcloudio/uni-cli-shared": "3.0.0-alpha-5000820260420001",
        "@dcloudio/uni-mp-compiler": "3.0.0-alpha-5000820260420001",
        "@dcloudio/uni-mp-vite": "3.0.0-alpha-5000820260420001",
        "@dcloudio/uni-mp-vue": "3.0.0-alpha-5000820260420001",
        "@dcloudio/uni-shared": "3.0.0-alpha-5000820260420001",
        "@vue/shared": "3.4.21",
        "fs-extra": "10.1.0"
      },
      "devDependencies": {
        "@dcloudio/uni-mp-weixin": "3.0.0-alpha-5000820260420001",
        "@types/fs-extra": "9.0.13",
        "@vue/compiler-core": "3.4.21"
      }
    },
    "../node_modules/.pnpm/@dcloudio+uni-mp-toutiao@3.0.0-alpha-5000820260420001_postcss@8.5.10_rollup@4.60.2_ts-n_65f82b2545c98737039a28e0583b2b69/node_modules/@dcloudio/uni-mp-toutiao": {
      "version": "3.0.0-alpha-5000820260420001",
      "license": "Apache-2.0",
      "dependencies": {
        "@dcloudio/uni-cli-shared": "3.0.0-alpha-5000820260420001",
        "@dcloudio/uni-mp-compiler": "3.0.0-alpha-5000820260420001",
        "@dcloudio/uni-mp-vite": "3.0.0-alpha-5000820260420001",
        "@dcloudio/uni-mp-vue": "3.0.0-alpha-5000820260420001",
        "@dcloudio/uni-shared": "3.0.0-alpha-5000820260420001",
        "@vue/compiler-core": "3.4.21",
        "@vue/shared": "3.4.21"
      }
    },
    "../node_modules/.pnpm/@dcloudio+uni-mp-weixin@3.0.0-alpha-5000820260420001_postcss@8.5.10_rollup@4.60.2_ts-no_03b5fb639a0f0d3d77b18453fed6a9ca/node_modules/@dcloudio/uni-mp-weixin": {
      "version": "3.0.0-alpha-5000820260420001",
      "license": "Apache-2.0",
      "dependencies": {
        "@dcloudio/uni-cli-shared": "3.0.0-alpha-5000820260420001",
        "@dcloudio/uni-mp-compiler": "3.0.0-alpha-5000820260420001",
        "@dcloudio/uni-mp-vite": "3.0.0-alpha-5000820260420001",
        "@dcloudio/uni-mp-vue": "3.0.0-alpha-5000820260420001",
        "@dcloudio/uni-shared": "3.0.0-alpha-5000820260420001",
        "@vue/shared": "3.4.21",
        "jimp": "0.10.3",
        "licia": "1.41.1",
        "qrcode-reader": "1.0.4",
        "qrcode-terminal": "0.12.0",
        "ws": "8.18.0"
      },
      "devDependencies": {
        "@vue/compiler-core": "3.4.21"
      }
    },
    "../node_modules/.pnpm/@dcloudio+uni-quickapp-webview@3.0.0-alpha-5000820260420001_postcss@8.5.10_rollup@4.60._b35b9965b742c9a3a956a3163761f8c8/node_modules/@dcloudio/uni-quickapp-webview": {
      "version": "3.0.0-alpha-5000820260420001",
      "license": "Apache-2.0",
      "dependencies": {
        "@dcloudio/uni-cli-shared": "3.0.0-alpha-5000820260420001",
        "@dcloudio/uni-mp-vite": "3.0.0-alpha-5000820260420001",
        "@dcloudio/uni-mp-vue": "3.0.0-alpha-5000820260420001",
        "@dcloudio/uni-shared": "3.0.0-alpha-5000820260420001",
        "@vue/shared": "3.4.21"
      },
      "devDependencies": {
        "@dcloudio/uni-mp-compiler": "3.0.0-alpha-5000820260420001"
      }
    },
    "../node_modules/.pnpm/@dcloudio+uni-stacktracey@3.0.0-alpha-5000820260420001/node_modules/@dcloudio/uni-stacktracey": {
      "version": "3.0.0-alpha-5000820260420001",
      "dev": true,
      "license": "Apache-2.0",
      "devDependencies": {
        "@dcloudio/types": "3.4.30"
      }
    },
    "../node_modules/.pnpm/@dcloudio+vite-plugin-uni@3.0.0-alpha-5000820260420001_postcss@8.5.10_rollup@4.60.2_ts-_15330e6d03e2d3439bb7b1a57a1297f4/node_modules/@dcloudio/vite-plugin-uni": {
      "version": "3.0.0-alpha-5000820260420001",
      "dev": true,
      "license": "Apache-2.0",
      "dependencies": {
        "@babel/core": "7.25.2",
        "@babel/plugin-syntax-import-meta": "^7.10.4",
        "@babel/plugin-transform-typescript": "^7.23.3",
        "@dcloudio/uni-cli-shared": "3.0.0-alpha-5000820260420001",
        "@dcloudio/uni-nvue-styler": "3.0.0-alpha-5000820260420001",
        "@dcloudio/uni-shared": "3.0.0-alpha-5000820260420001",
        "@rollup/pluginutils": "5.1.0",
        "@vitejs/plugin-legacy": "5.3.2",
        "@vitejs/plugin-vue": "5.2.4",
        "@vitejs/plugin-vue-jsx": "3.1.0",
        "@vue/compiler-core": "3.4.21",
        "@vue/compiler-dom": "3.4.21",
        "@vue/compiler-sfc": "3.4.21",
        "@vue/shared": "3.4.21",
        "cac": "6.7.9",
        "debug": "4.3.7",
        "estree-walker": "2.0.2",
        "express": "4.20.0",
        "fast-glob": "3.3.3",
        "fs-extra": "10.1.0",
        "hash-sum": "2.0.0",
        "jsonc-parser": "3.3.1",
        "magic-string": "0.30.11",
        "picocolors": "1.1.0",
        "terser": "^5.4.0",
        "unplugin-auto-import": "19.1.0"
      },
      "bin": {
        "uni": "bin/uni.js"
      },
      "devDependencies": {
        "@types/debug": "4.1.12",
        "@types/estree": "1.0.5",
        "@types/express": "^4.17.12",
        "@types/fs-extra": "9.0.13",
        "@types/sass": "1.43.1",
        "@vue/babel-plugin-jsx": "1.2.2",
        "chokidar": "3.6.0",
        "vite": "5.2.8",
        "vue": "3.4.21"
      },
      "engines": {
        "node": "^14.18.0 || >=16.0.0"
      },
      "peerDependencies": {
        "vite": "5.2.8"
      }
    },
    "../node_modules/.pnpm/@vue+runtime-core@3.5.31/node_modules/@vue/runtime-core": {
      "version": "3.5.31",
      "dev": true,
      "license": "MIT",
      "dependencies": {
        "@vue/reactivity": "3.5.31",
        "@vue/shared": "3.5.31"
      }
    },
    "../node_modules/.pnpm/sass@1.77.0/node_modules/sass": {
      "version": "1.77.0",
      "dev": true,
      "license": "MIT",
      "dependencies": {
        "chokidar": ">=3.0.0 <4.0.0",
        "immutable": "^4.0.0",
        "source-map-js": ">=0.6.2 <2.0.0"
      },
      "bin": {
        "sass": "sass.js"
      },
      "engines": {
        "node": ">=14.0.0"
      }
    },
    "../node_modules/.pnpm/vite@5.1.4_@types+node@22.10.10_less@4.2.2_lightningcss@1.32.0_sass@1.77.0_terser@5.46.1/node_modules/vite": {
      "version": "5.1.4",
      "dev": true,
      "license": "MIT",
      "dependencies": {
        "esbuild": "^0.19.3",
        "postcss": "^8.4.35",
        "rollup": "^4.2.0"
      },
      "bin": {
        "vite": "bin/vite.js"
      },
      "devDependencies": {
        "@ampproject/remapping": "^2.2.1",
        "@babel/parser": "^7.23.9",
        "@jridgewell/trace-mapping": "^0.3.22",
        "@rollup/plugin-alias": "^5.1.0",
        "@rollup/plugin-commonjs": "^25.0.7",
        "@rollup/plugin-dynamic-import-vars": "^2.1.2",
        "@rollup/plugin-json": "^6.1.0",
        "@rollup/plugin-node-resolve": "15.2.3",
        "@rollup/plugin-typescript": "^11.1.6",
        "@rollup/pluginutils": "^5.1.0",
        "@types/escape-html": "^1.0.4",
        "@types/pnpapi": "^0.0.5",
        "acorn": "^8.11.3",
        "acorn-walk": "^8.3.2",
        "artichokie": "^0.2.0",
        "cac": "^6.7.14",
        "chokidar": "^3.6.0",
        "connect": "^3.7.0",
        "convert-source-map": "^2.0.0",
        "cors": "^2.8.5",
        "cross-spawn": "^7.0.3",
        "debug": "^4.3.4",
        "dep-types": "link:./src/types",
        "dotenv": "^16.4.4",
        "dotenv-expand": "^11.0.6",
        "es-module-lexer": "^1.4.1",
        "escape-html": "^1.0.3",
        "estree-walker": "^3.0.3",
        "etag": "^1.8.1",
        "fast-glob": "^3.3.2",
        "http-proxy": "^1.18.1",
        "launch-editor-middleware": "^2.6.1",
        "lightningcss": "^1.23.0",
        "magic-string": "^0.30.7",
        "micromatch": "^4.0.5",
        "mlly": "^1.5.0",
        "mrmime": "^2.0.0",
        "open": "^8.4.2",
        "parse5": "^7.1.2",
        "periscopic": "^4.0.2",
        "picocolors": "^1.0.0",
        "picomatch": "^2.3.1",
        "postcss-import": "^16.0.1",
        "postcss-load-config": "^4.0.2",
        "postcss-modules": "^6.0.0",
        "resolve.exports": "^2.0.2",
        "rollup-plugin-dts": "^6.1.0",
        "rollup-plugin-license": "^3.2.0",
        "sirv": "^2.0.4",
        "source-map-support": "^0.5.21",
        "strip-ansi": "^7.1.0",
        "strip-literal": "^2.0.0",
        "tsconfck": "^3.0.2",
        "tslib": "^2.6.2",
        "types": "link:./types",
        "ufo": "^1.4.0",
        "ws": "^8.16.0"
      },
      "engines": {
        "node": "^18.0.0 || >=20.0.0"
      },
      "funding": {
        "url": "https://github.com/vitejs/vite?sponsor=1"
      },
      "optionalDependencies": {
        "fsevents": "~2.3.3"
      },
      "peerDependencies": {
        "@types/node": "^18.0.0 || >=20.0.0",
        "less": "*",
        "lightningcss": "^1.21.0",
        "sass": "*",
        "stylus": "*",
        "sugarss": "*",
        "terser": "^5.4.0"
      },
      "peerDependenciesMeta": {
        "@types/node": {
          "optional": true
        },
        "less": {
          "optional": true
        },
        "lightningcss": {
          "optional": true
        },
        "sass": {
          "optional": true
        },
        "stylus": {
          "optional": true
        },
        "sugarss": {
          "optional": true
        },
        "terser": {
          "optional": true
        }
      }
    },
    "../node_modules/.pnpm/vue@3.5.31_typescript@5.6.3/node_modules/vue": {
      "version": "3.5.31",
      "license": "MIT",
      "dependencies": {
        "@vue/compiler-dom": "3.5.31",
        "@vue/compiler-sfc": "3.5.31",
        "@vue/runtime-dom": "3.5.31",
        "@vue/server-renderer": "3.5.31",
        "@vue/shared": "3.5.31"
      },
      "peerDependencies": {
        "typescript": "*"
      },
      "peerDependenciesMeta": {
        "typescript": {
          "optional": true
        }
      }
    },
    "node_modules/@dcloudio/types": {
      "resolved": "../node_modules/.pnpm/@dcloudio+types@3.4.31/node_modules/@dcloudio/types",
      "link": true
    },
    "node_modules/@dcloudio/uni-app": {
      "resolved": "../node_modules/.pnpm/@dcloudio+uni-app@3.0.0-alpha-5000820260420001_@dcloudio+types@3.4.31_postcss@8.5.10_ro_d70a46dd14d369630bc81baa05a47087/node_modules/@dcloudio/uni-app",
      "link": true
    },
    "node_modules/@dcloudio/uni-app-plus": {
      "resolved": "../node_modules/.pnpm/@dcloudio+uni-app-plus@3.0.0-alpha-5000820260420001_postcss@8.5.10_rollup@4.60.2_ts-nod_bd57d90e14956726c2ea90493816c8da/node_modules/@dcloudio/uni-app-plus",
      "link": true
    },
    "node_modules/@dcloudio/uni-automator": {
      "resolved": "../node_modules/.pnpm/@dcloudio+uni-automator@3.0.0-alpha-5000820260420001_jest-environment-node@27.5.1_jest@_a462d9ef7a8cec42231bc79750d87ed5/node_modules/@dcloudio/uni-automator",
      "link": true
    },
    "node_modules/@dcloudio/uni-cli-shared": {
      "resolved": "../node_modules/.pnpm/@dcloudio+uni-cli-shared@3.0.0-alpha-5000820260420001_postcss@8.5.10_rollup@4.60.2_ts-n_2f2e17065cdb3212e8f7f629f080e9bc/node_modules/@dcloudio/uni-cli-shared",
      "link": true
    },
    "node_modules/@dcloudio/uni-components": {
      "resolved": "../node_modules/.pnpm/@dcloudio+uni-components@3.0.0-alpha-5000820260420001_postcss@8.5.10_rollup@4.60.2_ts-n_5f749e09407bdebddf4a66e81ece7f1b/node_modules/@dcloudio/uni-components",
      "link": true
    },
    "node_modules/@dcloudio/uni-h5": {
      "resolved": "../node_modules/.pnpm/@dcloudio+uni-h5@3.0.0-alpha-5000820260420001_postcss@8.5.10_rollup@4.60.2_ts-node@10.9_c52d8ec14bd8b9ed317aec1b4b8dd00b/node_modules/@dcloudio/uni-h5",
      "link": true
    },
    "node_modules/@dcloudio/uni-mp-alipay": {
      "resolved": "../node_modules/.pnpm/@dcloudio+uni-mp-alipay@3.0.0-alpha-5000820260420001_postcss@8.5.10_rollup@4.60.2_ts-no_f1204a83349d3cdbb70050232f843caa/node_modules/@dcloudio/uni-mp-alipay",
      "link": true
    },
    "node_modules/@dcloudio/uni-mp-baidu": {
      "resolved": "../node_modules/.pnpm/@dcloudio+uni-mp-baidu@3.0.0-alpha-5000820260420001_@dcloudio+types@3.4.31_postcss@8.5._86bd1f34714da7f45c3f5f049706cac1/node_modules/@dcloudio/uni-mp-baidu",
      "link": true
    },
    "node_modules/@dcloudio/uni-mp-jd": {
      "resolved": "../node_modules/.pnpm/@dcloudio+uni-mp-jd@3.0.0-alpha-5000820260420001_postcss@8.5.10_rollup@4.60.2_ts-node@1_a3220602f1254fa01d5b793f9e35ad9c/node_modules/@dcloudio/uni-mp-jd",
      "link": true
    },
    "node_modules/@dcloudio/uni-mp-kuaishou": {
      "resolved": "../node_modules/.pnpm/@dcloudio+uni-mp-kuaishou@3.0.0-alpha-5000820260420001_postcss@8.5.10_rollup@4.60.2_ts-_796b2a5d6455f7856047150037d2ca57/node_modules/@dcloudio/uni-mp-kuaishou",
      "link": true
    },
    "node_modules/@dcloudio/uni-mp-lark": {
      "resolved": "../node_modules/.pnpm/@dcloudio+uni-mp-lark@3.0.0-alpha-5000820260420001_postcss@8.5.10_rollup@4.60.2_ts-node_e26ea537c29c98df2f1e54beb4edc7a6/node_modules/@dcloudio/uni-mp-lark",
      "link": true
    },
    "node_modules/@dcloudio/uni-mp-qq": {
      "resolved": "../node_modules/.pnpm/@dcloudio+uni-mp-qq@3.0.0-alpha-5000820260420001_postcss@8.5.10_rollup@4.60.2_ts-node@1_324c5a46534d2979d4d5e293f0f0ddee/node_modules/@dcloudio/uni-mp-qq",
      "link": true
    },
    "node_modules/@dcloudio/uni-mp-toutiao": {
      "resolved": "../node_modules/.pnpm/@dcloudio+uni-mp-toutiao@3.0.0-alpha-5000820260420001_postcss@8.5.10_rollup@4.60.2_ts-n_65f82b2545c98737039a28e0583b2b69/node_modules/@dcloudio/uni-mp-toutiao",
      "link": true
    },
    "node_modules/@dcloudio/uni-mp-weixin": {
      "resolved": "../node_modules/.pnpm/@dcloudio+uni-mp-weixin@3.0.0-alpha-5000820260420001_postcss@8.5.10_rollup@4.60.2_ts-no_03b5fb639a0f0d3d77b18453fed6a9ca/node_modules/@dcloudio/uni-mp-weixin",
      "link": true
    },
    "node_modules/@dcloudio/uni-quickapp-webview": {
      "resolved": "../node_modules/.pnpm/@dcloudio+uni-quickapp-webview@3.0.0-alpha-5000820260420001_postcss@8.5.10_rollup@4.60._b35b9965b742c9a3a956a3163761f8c8/node_modules/@dcloudio/uni-quickapp-webview",
      "link": true
    },
    "node_modules/@dcloudio/uni-stacktracey": {
      "resolved": "../node_modules/.pnpm/@dcloudio+uni-stacktracey@3.0.0-alpha-5000820260420001/node_modules/@dcloudio/uni-stacktracey",
      "link": true
    },
    "node_modules/@dcloudio/vite-plugin-uni": {
      "resolved": "../node_modules/.pnpm/@dcloudio+vite-plugin-uni@3.0.0-alpha-5000820260420001_postcss@8.5.10_rollup@4.60.2_ts-_15330e6d03e2d3439bb7b1a57a1297f4/node_modules/@dcloudio/vite-plugin-uni",
      "link": true
    },
    "node_modules/@esbuild/aix-ppc64": {
      "version": "0.25.0",
      "resolved": "https://registry.npmjs.org/@esbuild/aix-ppc64/-/aix-ppc64-0.25.0.tgz",
      "integrity": "sha512-O7vun9Sf8DFjH2UtqK8Ku3LkquL9SZL8OLY1T5NZkA34+wG3OQF7cl4Ql8vdNzM6fzBbYfLaiRLIOZ+2FOCgBQ==",
      "cpu": [
        "ppc64"
      ],
      "dev": true,
      "license": "MIT",
      "optional": true,
      "os": [
        "aix"
      ],
      "engines": {
        "node": ">=18"
      }
    },
    "node_modules/@esbuild/android-arm": {
      "version": "0.25.0",
      "resolved": "https://registry.npmjs.org/@esbuild/android-arm/-/android-arm-0.25.0.tgz",
      "integrity": "sha512-PTyWCYYiU0+1eJKmw21lWtC+d08JDZPQ5g+kFyxP0V+es6VPPSUhM6zk8iImp2jbV6GwjX4pap0JFbUQN65X1g==",
      "cpu": [
        "arm"
      ],
      "dev": true,
      "license": "MIT",
      "optional": true,
      "os": [
        "android"
      ],
      "engines": {
        "node": ">=18"
      }
    },
    "node_modules/@esbuild/android-arm64": {
      "version": "0.25.0",
      "resolved": "https://registry.npmjs.org/@esbuild/android-arm64/-/android-arm64-0.25.0.tgz",
      "integrity": "sha512-grvv8WncGjDSyUBjN9yHXNt+cq0snxXbDxy5pJtzMKGmmpPxeAmAhWxXI+01lU5rwZomDgD3kJwulEnhTRUd6g==",
      "cpu": [
        "arm64"
      ],
      "dev": true,
      "license": "MIT",
      "optional": true,
      "os": [
        "android"
      ],
      "engines": {
        "node": ">=18"
      }
    },
    "node_modules/@esbuild/android-x64": {
      "version": "0.25.0",
      "resolved": "https://registry.npmjs.org/@esbuild/android-x64/-/android-x64-0.25.0.tgz",
      "integrity": "sha512-m/ix7SfKG5buCnxasr52+LI78SQ+wgdENi9CqyCXwjVR2X4Jkz+BpC3le3AoBPYTC9NHklwngVXvbJ9/Akhrfg==",
      "cpu": [
        "x64"
      ],
      "dev": true,
      "license": "MIT",
      "optional": true,
      "os": [
        "android"
      ],
      "engines": {
        "node": ">=18"
      }
    },
    "node_modules/@esbuild/darwin-arm64": {
      "version": "0.25.0",
      "resolved": "https://registry.npmjs.org/@esbuild/darwin-arm64/-/darwin-arm64-0.25.0.tgz",
      "integrity": "sha512-mVwdUb5SRkPayVadIOI78K7aAnPamoeFR2bT5nszFUZ9P8UpK4ratOdYbZZXYSqPKMHfS1wdHCJk1P1EZpRdvw==",
      "cpu": [
        "arm64"
      ],
      "dev": true,
      "license": "MIT",
      "optional": true,
      "os": [
        "darwin"
      ],
      "engines": {
        "node": ">=18"
      }
    },
    "node_modules/@esbuild/darwin-x64": {
      "version": "0.25.0",
      "resolved": "https://registry.npmjs.org/@esbuild/darwin-x64/-/darwin-x64-0.25.0.tgz",
      "integrity": "sha512-DgDaYsPWFTS4S3nWpFcMn/33ZZwAAeAFKNHNa1QN0rI4pUjgqf0f7ONmXf6d22tqTY+H9FNdgeaAa+YIFUn2Rg==",
      "cpu": [
        "x64"
      ],
      "dev": true,
      "license": "MIT",
      "optional": true,
      "os": [
        "darwin"
      ],
      "engines": {
        "node": ">=18"
      }
    },
    "node_modules/@esbuild/freebsd-arm64": {
      "version": "0.25.0",
      "resolved": "https://registry.npmjs.org/@esbuild/freebsd-arm64/-/freebsd-arm64-0.25.0.tgz",
      "integrity": "sha512-VN4ocxy6dxefN1MepBx/iD1dH5K8qNtNe227I0mnTRjry8tj5MRk4zprLEdG8WPyAPb93/e4pSgi1SoHdgOa4w==",
      "cpu": [
        "arm64"
      ],
      "dev": true,
      "license": "MIT",
      "optional": true,
      "os": [
        "freebsd"
      ],
      "engines": {
        "node": ">=18"
      }
    },
    "node_modules/@esbuild/freebsd-x64": {
      "version": "0.25.0",
      "resolved": "https://registry.npmjs.org/@esbuild/freebsd-x64/-/freebsd-x64-0.25.0.tgz",
      "integrity": "sha512-mrSgt7lCh07FY+hDD1TxiTyIHyttn6vnjesnPoVDNmDfOmggTLXRv8Id5fNZey1gl/V2dyVK1VXXqVsQIiAk+A==",
      "cpu": [
        "x64"
      ],
      "dev": true,
      "license": "MIT",
      "optional": true,
      "os": [
        "freebsd"
      ],
      "engines": {
        "node": ">=18"
      }
    },
    "node_modules/@esbuild/linux-arm": {
      "version": "0.25.0",
      "resolved": "https://registry.npmjs.org/@esbuild/linux-arm/-/linux-arm-0.25.0.tgz",
      "integrity": "sha512-vkB3IYj2IDo3g9xX7HqhPYxVkNQe8qTK55fraQyTzTX/fxaDtXiEnavv9geOsonh2Fd2RMB+i5cbhu2zMNWJwg==",
      "cpu": [
        "arm"
      ],
      "dev": true,
      "license": "MIT",
      "optional": true,
      "os": [
        "linux"
      ],
      "engines": {
        "node": ">=18"
      }
    },
    "node_modules/@esbuild/linux-arm64": {
      "version": "0.25.0",
      "resolved": "https://registry.npmjs.org/@esbuild/linux-arm64/-/linux-arm64-0.25.0.tgz",
      "integrity": "sha512-9QAQjTWNDM/Vk2bgBl17yWuZxZNQIF0OUUuPZRKoDtqF2k4EtYbpyiG5/Dk7nqeK6kIJWPYldkOcBqjXjrUlmg==",
      "cpu": [
        "arm64"
      ],
      "dev": true,
      "license": "MIT",
      "optional": true,
      "os": [
        "linux"
      ],
      "engines": {
        "node": ">=18"
      }
    },
    "node_modules/@esbuild/linux-ia32": {
      "version": "0.25.0",
      "resolved": "https://registry.npmjs.org/@esbuild/linux-ia32/-/linux-ia32-0.25.0.tgz",
      "integrity": "sha512-43ET5bHbphBegyeqLb7I1eYn2P/JYGNmzzdidq/w0T8E2SsYL1U6un2NFROFRg1JZLTzdCoRomg8Rvf9M6W6Gg==",
      "cpu": [
        "ia32"
      ],
      "dev": true,
      "license": "MIT",
      "optional": true,
      "os": [
        "linux"
      ],
      "engines": {
        "node": ">=18"
      }
    },
    "node_modules/@esbuild/linux-loong64": {
      "version": "0.25.0",
      "resolved": "https://registry.npmjs.org/@esbuild/linux-loong64/-/linux-loong64-0.25.0.tgz",
      "integrity": "sha512-fC95c/xyNFueMhClxJmeRIj2yrSMdDfmqJnyOY4ZqsALkDrrKJfIg5NTMSzVBr5YW1jf+l7/cndBfP3MSDpoHw==",
      "cpu": [
        "loong64"
      ],
      "dev": true,
      "license": "MIT",
      "optional": true,
      "os": [
        "linux"
      ],
      "engines": {
        "node": ">=18"
      }
    },
    "node_modules/@esbuild/linux-mips64el": {
      "version": "0.25.0",
      "resolved": "https://registry.npmjs.org/@esbuild/linux-mips64el/-/linux-mips64el-0.25.0.tgz",
      "integrity": "sha512-nkAMFju7KDW73T1DdH7glcyIptm95a7Le8irTQNO/qtkoyypZAnjchQgooFUDQhNAy4iu08N79W4T4pMBwhPwQ==",
      "cpu": [
        "mips64el"
      ],
      "dev": true,
      "license": "MIT",
      "optional": true,
      "os": [
        "linux"
      ],
      "engines": {
        "node": ">=18"
      }
    },
    "node_modules/@esbuild/linux-ppc64": {
      "version": "0.25.0",
      "resolved": "https://registry.npmjs.org/@esbuild/linux-ppc64/-/linux-ppc64-0.25.0.tgz",
      "integrity": "sha512-NhyOejdhRGS8Iwv+KKR2zTq2PpysF9XqY+Zk77vQHqNbo/PwZCzB5/h7VGuREZm1fixhs4Q/qWRSi5zmAiO4Fw==",
      "cpu": [
        "ppc64"
      ],
      "dev": true,
      "license": "MIT",
      "optional": true,
      "os": [
        "linux"
      ],
      "engines": {
        "node": ">=18"
      }
    },
    "node_modules/@esbuild/linux-riscv64": {
      "version": "0.25.0",
      "resolved": "https://registry.npmjs.org/@esbuild/linux-riscv64/-/linux-riscv64-0.25.0.tgz",
      "integrity": "sha512-5S/rbP5OY+GHLC5qXp1y/Mx//e92L1YDqkiBbO9TQOvuFXM+iDqUNG5XopAnXoRH3FjIUDkeGcY1cgNvnXp/kA==",
      "cpu": [
        "riscv64"
      ],
      "dev": true,
      "license": "MIT",
      "optional": true,
      "os": [
        "linux"
      ],
      "engines": {
        "node": ">=18"
      }
    },
    "node_modules/@esbuild/linux-s390x": {
      "version": "0.25.0",
      "resolved": "https://registry.npmjs.org/@esbuild/linux-s390x/-/linux-s390x-0.25.0.tgz",
      "integrity": "sha512-XM2BFsEBz0Fw37V0zU4CXfcfuACMrppsMFKdYY2WuTS3yi8O1nFOhil/xhKTmE1nPmVyvQJjJivgDT+xh8pXJA==",
      "cpu": [
        "s390x"
      ],
      "dev": true,
      "license": "MIT",
      "optional": true,
      "os": [
        "linux"
      ],
      "engines": {
        "node": ">=18"
      }
    },
    "node_modules/@esbuild/linux-x64": {
      "version": "0.25.0",
      "resolved": "https://registry.npmjs.org/@esbuild/linux-x64/-/linux-x64-0.25.0.tgz",
      "integrity": "sha512-9yl91rHw/cpwMCNytUDxwj2XjFpxML0y9HAOH9pNVQDpQrBxHy01Dx+vaMu0N1CKa/RzBD2hB4u//nfc+Sd3Cw==",
      "cpu": [
        "x64"
      ],
      "dev": true,
      "license": "MIT",
      "optional": true,
      "os": [
        "linux"
      ],
      "engines": {
        "node": ">=18"
      }
    },
    "node_modules/@esbuild/netbsd-arm64": {
      "version": "0.25.0",
      "resolved": "https://registry.npmjs.org/@esbuild/netbsd-arm64/-/netbsd-arm64-0.25.0.tgz",
      "integrity": "sha512-RuG4PSMPFfrkH6UwCAqBzauBWTygTvb1nxWasEJooGSJ/NwRw7b2HOwyRTQIU97Hq37l3npXoZGYMy3b3xYvPw==",
      "cpu": [
        "arm64"
      ],
      "dev": true,
      "license": "MIT",
      "optional": true,
      "os": [
        "netbsd"
      ],
      "engines": {
        "node": ">=18"
      }
    },
    "node_modules/@esbuild/netbsd-x64": {
      "version": "0.25.0",
      "resolved": "https://registry.npmjs.org/@esbuild/netbsd-x64/-/netbsd-x64-0.25.0.tgz",
      "integrity": "sha512-jl+qisSB5jk01N5f7sPCsBENCOlPiS/xptD5yxOx2oqQfyourJwIKLRA2yqWdifj3owQZCL2sn6o08dBzZGQzA==",
      "cpu": [
        "x64"
      ],
      "dev": true,
      "license": "MIT",
      "optional": true,
      "os": [
        "netbsd"
      ],
      "engines": {
        "node": ">=18"
      }
    },
    "node_modules/@esbuild/openbsd-arm64": {
      "version": "0.25.0",
      "resolved": "https://registry.npmjs.org/@esbuild/openbsd-arm64/-/openbsd-arm64-0.25.0.tgz",
      "integrity": "sha512-21sUNbq2r84YE+SJDfaQRvdgznTD8Xc0oc3p3iW/a1EVWeNj/SdUCbm5U0itZPQYRuRTW20fPMWMpcrciH2EJw==",
      "cpu": [
        "arm64"
      ],
      "dev": true,
      "license": "MIT",
      "optional": true,
      "os": [
        "openbsd"
      ],
      "engines": {
        "node": ">=18"
      }
    },
    "node_modules/@esbuild/openbsd-x64": {
      "version": "0.25.0",
      "resolved": "https://registry.npmjs.org/@esbuild/openbsd-x64/-/openbsd-x64-0.25.0.tgz",
      "integrity": "sha512-2gwwriSMPcCFRlPlKx3zLQhfN/2WjJ2NSlg5TKLQOJdV0mSxIcYNTMhk3H3ulL/cak+Xj0lY1Ym9ysDV1igceg==",
      "cpu": [
        "x64"
      ],
      "dev": true,
      "license": "MIT",
      "optional": true,
      "os": [
        "openbsd"
      ],
      "engines": {
        "node": ">=18"
      }
    },
    "node_modules/@esbuild/sunos-x64": {
      "version": "0.25.0",
      "resolved": "https://registry.npmjs.org/@esbuild/sunos-x64/-/sunos-x64-0.25.0.tgz",
      "integrity": "sha512-bxI7ThgLzPrPz484/S9jLlvUAHYMzy6I0XiU1ZMeAEOBcS0VePBFxh1JjTQt3Xiat5b6Oh4x7UC7IwKQKIJRIg==",
      "cpu": [
        "x64"
      ],
      "dev": true,
      "license": "MIT",
      "optional": true,
      "os": [
        "sunos"
      ],
      "engines": {
        "node": ">=18"
      }
    },
    "node_modules/@esbuild/win32-arm64": {
      "version": "0.25.0",
      "resolved": "https://registry.npmjs.org/@esbuild/win32-arm64/-/win32-arm64-0.25.0.tgz",
      "integrity": "sha512-ZUAc2YK6JW89xTbXvftxdnYy3m4iHIkDtK3CLce8wg8M2L+YZhIvO1DKpxrd0Yr59AeNNkTiic9YLf6FTtXWMw==",
      "cpu": [
        "arm64"
      ],
      "dev": true,
      "license": "MIT",
      "optional": true,
      "os": [
        "win32"
      ],
      "engines": {
        "node": ">=18"
      }
    },
    "node_modules/@esbuild/win32-ia32": {
      "version": "0.25.0",
      "resolved": "https://registry.npmjs.org/@esbuild/win32-ia32/-/win32-ia32-0.25.0.tgz",
      "integrity": "sha512-eSNxISBu8XweVEWG31/JzjkIGbGIJN/TrRoiSVZwZ6pkC6VX4Im/WV2cz559/TXLcYbcrDN8JtKgd9DJVIo8GA==",
      "cpu": [
        "ia32"
      ],
      "dev": true,
      "license": "MIT",
      "optional": true,
      "os": [
        "win32"
      ],
      "engines": {
        "node": ">=18"
      }
    },
    "node_modules/@esbuild/win32-x64": {
      "version": "0.25.0",
      "resolved": "https://registry.npmjs.org/@esbuild/win32-x64/-/win32-x64-0.25.0.tgz",
      "integrity": "sha512-ZENoHJBxA20C2zFzh6AI4fT6RraMzjYw4xKWemRTRmRVtN9c5DcH9r/f2ihEkMjOW5eGgrwCslG/+Y/3bL+DHQ==",
      "cpu": [
        "x64"
      ],
      "dev": true,
      "license": "MIT",
      "optional": true,
      "os": [
        "win32"
      ],
      "engines": {
        "node": ">=18"
      }
    },
    "node_modules/@vue/runtime-core": {
      "resolved": "../node_modules/.pnpm/@vue+runtime-core@3.5.31/node_modules/@vue/runtime-core",
      "link": true
    },
    "node_modules/esbuild": {
      "version": "0.25.0",
      "resolved": "https://registry.npmjs.org/esbuild/-/esbuild-0.25.0.tgz",
      "integrity": "sha512-BXq5mqc8ltbaN34cDqWuYKyNhX8D/Z0J1xdtdQ8UcIIIyJyz+ZMKUt58tF3SrZ85jcfN/PZYhjR5uDQAYNVbuw==",
      "dev": true,
      "hasInstallScript": true,
      "license": "MIT",
      "bin": {
        "esbuild": "bin/esbuild"
      },
      "engines": {
        "node": ">=18"
      },
      "optionalDependencies": {
        "@esbuild/aix-ppc64": "0.25.0",
        "@esbuild/android-arm": "0.25.0",
        "@esbuild/android-arm64": "0.25.0",
        "@esbuild/android-x64": "0.25.0",
        "@esbuild/darwin-arm64": "0.25.0",
        "@esbuild/darwin-x64": "0.25.0",
        "@esbuild/freebsd-arm64": "0.25.0",
        "@esbuild/freebsd-x64": "0.25.0",
        "@esbuild/linux-arm": "0.25.0",
        "@esbuild/linux-arm64": "0.25.0",
        "@esbuild/linux-ia32": "0.25.0",
        "@esbuild/linux-loong64": "0.25.0",
        "@esbuild/linux-mips64el": "0.25.0",
        "@esbuild/linux-ppc64": "0.25.0",
        "@esbuild/linux-riscv64": "0.25.0",
        "@esbuild/linux-s390x": "0.25.0",
        "@esbuild/linux-x64": "0.25.0",
        "@esbuild/netbsd-arm64": "0.25.0",
        "@esbuild/netbsd-x64": "0.25.0",
        "@esbuild/openbsd-arm64": "0.25.0",
        "@esbuild/openbsd-x64": "0.25.0",
        "@esbuild/sunos-x64": "0.25.0",
        "@esbuild/win32-arm64": "0.25.0",
        "@esbuild/win32-ia32": "0.25.0",
        "@esbuild/win32-x64": "0.25.0"
      }
    },
    "node_modules/sass": {
      "resolved": "../node_modules/.pnpm/sass@1.77.0/node_modules/sass",
      "link": true
    },
    "node_modules/vite": {
      "resolved": "../node_modules/.pnpm/vite@5.1.4_@types+node@22.10.10_less@4.2.2_lightningcss@1.32.0_sass@1.77.0_terser@5.46.1/node_modules/vite",
      "link": true
    },
    "node_modules/vue": {
      "resolved": "../node_modules/.pnpm/vue@3.5.31_typescript@5.6.3/node_modules/vue",
      "link": true
    }
  }
}
